Microsoft Visual Studio Solution File, Format Version 12.00
# Visual Studio Version 17
VisualStudioVersion = 17.5.2.0
MinimumVisualStudioVersion = 10.0.40219.1
Project("{FAE04EC0-301F-11D3-BF4B-00C04F79EFBC}") = "mrpv1", "mrpv1.csproj", "{A48E018A-6C91-77AC-E987-E9C1B4B2B173}"
EndProject
Global
	GlobalSection(SolutionConfigurationPlatforms) = preSolution
		Debug|Any CPU = Debug|Any CPU
		Release|Any CPU = Release|Any CPU
	EndGlobalSection
	GlobalSection(ProjectConfigurationPlatforms) = postSolution
		{A48E018A-6C91-77AC-E987-E9C1B4B2B173}.Debug|Any CPU.ActiveCfg = Debug|Any CPU
		{A48E018A-6C91-77AC-E987-E9C1B4B2B173}.Debug|Any CPU.Build.0 = Debug|Any CPU
		{A48E018A-6C91-77AC-E987-E9C1B4B2B173}.Release|Any CPU.ActiveCfg = Release|Any CPU
		{A48E018A-6C91-77AC-E987-E9C1B4B2B173}.Release|Any CPU.Build.0 = Release|Any CPU
	EndGlobalSection
	GlobalSection(SolutionProperties) = preSolution
		HideSolutionNode = FALSE
	EndGlobalSection
	GlobalSection(ExtensibilityGlobals) = postSolution
		SolutionGuid = {DFD88F32-7C0C-4622-BD20-CE7885EF83C4}
	EndGlobalSection
EndGlobal
